
Microsoft Visual Studio Solution File, Format Version 12.00
# Visual Studio Version 16
VisualStudioVersion = 16.0.32002.261
MinimumVisualStudioVersion = 10.0.40219.1
Project("{FAE04EC0-301F-11D3-BF4B-00C04F79EFBC}") = "Metin_Belgesi_Kayit", "Metin_Belgesi_Kayit\Metin_Belgesi_Kayit.csproj", "{6A626056-7286-41F5-A6C9-D102CDFD5DAC}"
EndProject
Global
	GlobalSection(SolutionConfigurationPlatforms) = preSolution
		Debug|Any CPU = Debug|Any CPU
		Release|Any CPU = Release|Any CPU
	EndGlobalSection
	GlobalSection(ProjectConfigurationPlatforms) = postSolution
		{6A626056-7286-41F5-A6C9-D102CDFD5DAC}.Debug|Any CPU.ActiveCfg = Debug|Any CPU
		{6A626056-7286-41F5-A6C9-D102CDFD5DAC}.Debug|Any CPU.Build.0 = Debug|Any CPU
		{6A626056-7286-41F5-A6C9-D102CDFD5DAC}.Release|Any CPU.ActiveCfg = Release|Any CPU
		{6A626056-7286-41F5-A6C9-D102CDFD5DAC}.Release|Any CPU.Build.0 = Release|Any CPU
	EndGlobalSection
	GlobalSection(SolutionProperties) = preSolution
		HideSolutionNode = FALSE
	EndGlobalSection
	GlobalSection(ExtensibilityGlobals) = postSolution
		SolutionGuid = {A1FB1D9E-056D-42A1-8D86-80920B61C607}
	EndGlobalSection
EndGlobal
